
Microsoft Visual Studio Solution File, Format Version 12.00
# Visual Studio 14
VisualStudioVersion = 14.0.23107.0
MinimumVisualStudioVersion = 10.0.40219.1
Project("{FAE04EC0-301F-11D3-BF4B-00C04F79EFBC}") = "RBProc", "RBProc\RBProc.csproj", "{425C34B4-203F-459B-BE58-80DAFE09D2A9}"
	ProjectSection(ProjectDependencies) = postProject
		{AA40AD13-14AA-4607-8067-075EC87A673E} = {AA40AD13-14AA-4607-8067-075EC87A673E}
	EndProjectSection
EndProject
Project("{2150E333-8FDC-42A3-9474-1A3956D46DE8}") = "External Projects", "External Projects", "{89464A06-7BE4-4AE6-B35C-14EF6111D6EF}"
EndProject
Project("{FAE04EC0-301F-11D3-BF4B-00C04F79EFBC}") = "Shared", "..\Shared\Shared\Shared.csproj", "{AA40AD13-14AA-4607-8067-075EC87A673E}"
EndProject
Global
	GlobalSection(SolutionConfigurationPlatforms) = preSolution
		Debug|Any CPU = Debug|Any CPU
		Release|Any CPU = Release|Any CPU
	EndGlobalSection
	GlobalSection(ProjectConfigurationPlatforms) = postSolution
		{425C34B4-203F-459B-BE58-80DAFE09D2A9}.Debug|Any CPU.ActiveCfg = Debug|Any CPU
		{425C34B4-203F-459B-BE58-80DAFE09D2A9}.Debug|Any CPU.Build.0 = Debug|Any CPU
		{425C34B4-203F-459B-BE58-80DAFE09D2A9}.Release|Any CPU.ActiveCfg = Release|Any CPU
		{425C34B4-203F-459B-BE58-80DAFE09D2A9}.Release|Any CPU.Build.0 = Release|Any CPU
		{AA40AD13-14AA-4607-8067-075EC87A673E}.Debug|Any CPU.ActiveCfg = Debug|Any CPU
		{AA40AD13-14AA-4607-8067-075EC87A673E}.Debug|Any CPU.Build.0 = Debug|Any CPU
		{AA40AD13-14AA-4607-8067-075EC87A673E}.Release|Any CPU.ActiveCfg = Release|Any CPU
		{AA40AD13-14AA-4607-8067-075EC87A673E}.Release|Any CPU.Build.0 = Release|Any CPU
	EndGlobalSection
	GlobalSection(SolutionProperties) = preSolution
		HideSolutionNode = FALSE
	EndGlobalSection
	GlobalSection(NestedProjects) = preSolution
		{AA40AD13-14AA-4607-8067-075EC87A673E} = {89464A06-7BE4-4AE6-B35C-14EF6111D6EF}
	EndGlobalSection
EndGlobal
