
Microsoft Visual Studio Solution File, Format Version 12.00
# Visual Studio 14
VisualStudioVersion = 14.0.23107.0
MinimumVisualStudioVersion = 10.0.40219.1
Project("{2150E333-8FDC-42A3-9474-1A3956D46DE8}") = "External Projects", "External Projects", "{AAF0609F-7A6B-4CE2-8FEC-33348FEE1DF5}"
EndProject
Project("{FAE04EC0-301F-11D3-BF4B-00C04F79EFBC}") = "Shared", "..\Shared\Shared\Shared.csproj", "{AA40AD13-14AA-4607-8067-075EC87A673E}"
EndProject
Project("{FAE04EC0-301F-11D3-BF4B-00C04F79EFBC}") = "Settings", "Settings\Settings.csproj", "{0C393AF8-F5B3-4099-A2F2-D9CAA9F24635}"
	ProjectSection(ProjectDependencies) = postProject
		{AA40AD13-14AA-4607-8067-075EC87A673E} = {AA40AD13-14AA-4607-8067-075EC87A673E}
	EndProjectSection
EndProject
Global
	GlobalSection(SolutionConfigurationPlatforms) = preSolution
		Debug|Any CPU = Debug|Any CPU
		Release|Any CPU = Release|Any CPU
	EndGlobalSection
	GlobalSection(ProjectConfigurationPlatforms) = postSolution
		{AA40AD13-14AA-4607-8067-075EC87A673E}.Debug|Any CPU.ActiveCfg = Debug|Any CPU
		{AA40AD13-14AA-4607-8067-075EC87A673E}.Debug|Any CPU.Build.0 = Debug|Any CPU
		{AA40AD13-14AA-4607-8067-075EC87A673E}.Release|Any CPU.ActiveCfg = Release|Any CPU
		{AA40AD13-14AA-4607-8067-075EC87A673E}.Release|Any CPU.Build.0 = Release|Any CPU
		{0C393AF8-F5B3-4099-A2F2-D9CAA9F24635}.Debug|Any CPU.ActiveCfg = Debug|Any CPU
		{0C393AF8-F5B3-4099-A2F2-D9CAA9F24635}.Debug|Any CPU.Build.0 = Debug|Any CPU
		{0C393AF8-F5B3-4099-A2F2-D9CAA9F24635}.Release|Any CPU.ActiveCfg = Release|Any CPU
		{0C393AF8-F5B3-4099-A2F2-D9CAA9F24635}.Release|Any CPU.Build.0 = Release|Any CPU
	EndGlobalSection
	GlobalSection(SolutionProperties) = preSolution
		HideSolutionNode = FALSE
	EndGlobalSection
	GlobalSection(NestedProjects) = preSolution
		{AA40AD13-14AA-4607-8067-075EC87A673E} = {AAF0609F-7A6B-4CE2-8FEC-33348FEE1DF5}
	EndGlobalSection
EndGlobal
