
Microsoft Visual Studio Solution File, Format Version 12.00
# Visual Studio 14
VisualStudioVersion = 14.0.23107.0
MinimumVisualStudioVersion = 10.0.40219.1
Project("{2150E333-8FDC-42A3-9474-1A3956D46DE8}") = "External Projects", "External Projects", "{5AA7B4C6-7F66-431B-ABA7-5770540B9943}"
EndProject
Project("{FAE04EC0-301F-11D3-BF4B-00C04F79EFBC}") = "Shared", "..\Shared\Shared\Shared.csproj", "{AA40AD13-14AA-4607-8067-075EC87A673E}"
EndProject
Project("{FAE04EC0-301F-11D3-BF4B-00C04F79EFBC}") = "Review Stats", "Review Stats\Review Stats.csproj", "{B8921D26-97B7-41F2-ADC3-2DFB55E019EE}"
	ProjectSection(ProjectDependencies) = postProject
		{AA40AD13-14AA-4607-8067-075EC87A673E} = {AA40AD13-14AA-4607-8067-075EC87A673E}
	EndProjectSection
EndProject
Global
	GlobalSection(SolutionConfigurationPlatforms) = preSolution
		Debug|Any CPU = Debug|Any CPU
		Release|Any CPU = Release|Any CPU
	EndGlobalSection
	GlobalSection(ProjectConfigurationPlatforms) = postSolution
		{AA40AD13-14AA-4607-8067-075EC87A673E}.Debug|Any CPU.ActiveCfg = Debug|Any CPU
		{AA40AD13-14AA-4607-8067-075EC87A673E}.Debug|Any CPU.Build.0 = Debug|Any CPU
		{AA40AD13-14AA-4607-8067-075EC87A673E}.Release|Any CPU.ActiveCfg = Release|Any CPU
		{AA40AD13-14AA-4607-8067-075EC87A673E}.Release|Any CPU.Build.0 = Release|Any CPU
		{B8921D26-97B7-41F2-ADC3-2DFB55E019EE}.Debug|Any CPU.ActiveCfg = Debug|Any CPU
		{B8921D26-97B7-41F2-ADC3-2DFB55E019EE}.Debug|Any CPU.Build.0 = Debug|Any CPU
		{B8921D26-97B7-41F2-ADC3-2DFB55E019EE}.Release|Any CPU.ActiveCfg = Release|Any CPU
		{B8921D26-97B7-41F2-ADC3-2DFB55E019EE}.Release|Any CPU.Build.0 = Release|Any CPU
	EndGlobalSection
	GlobalSection(SolutionProperties) = preSolution
		HideSolutionNode = FALSE
	EndGlobalSection
	GlobalSection(NestedProjects) = preSolution
		{AA40AD13-14AA-4607-8067-075EC87A673E} = {5AA7B4C6-7F66-431B-ABA7-5770540B9943}
	EndGlobalSection
EndGlobal
